// !$*UTF8*$!
{
	archiveVersion = 1;
	classes = {
	};
	objectVersion = 46;
	objects = {

/* Begin PBXBuildFile section */
		6A802C2419E2406C000114EA /* monkey.jpg in Resources */ = {isa = PBXBuildFile; fileRef = 6A802C2319E2406C000114EA /* monkey.jpg */; };
		6A97144B19DB815A00C9C36D /* AppDelegate.swift in Sources */ = {isa = PBXBuildFile; fileRef = 6A97144A19DB815A00C9C36D /* AppDelegate.swift */; };
		6A97144D19DB815A00C9C36D /* ViewController.swift in Sources */ = {isa = PBXBuildFile; fileRef = 6A97144C19DB815A00C9C36D /* ViewController.swift */; };
		6A97145019DB815A00C9C36D /* Main.storyboard in Resources */ = {isa = PBXBuildFile; fileRef = 6A97144E19DB815A00C9C36D /* Main.storyboard */; };
		6A97145219DB815A00C9C36D /* Images.xcassets in Resources */ = {isa = PBXBuildFile; fileRef = 6A97145119DB815A00C9C36D /* Images.xcassets */; };
		6A97145519DB815A00C9C36D /* LaunchScreen.xib in Resources */ = {isa = PBXBuildFile; fileRef = 6A97145319DB815A00C9C36D /* LaunchScreen.xib */; };
		6A97146119DB815A00C9C36D /* TransitionsTests.swift in Sources */ = {isa = PBXBuildFile; fileRef = 6A97146019DB815A00C9C36D /* TransitionsTests.swift */; };
		6A97146E19DB824F00C9C36D /* ImageViewController.swift in Sources */ = {isa = PBXBuildFile; fileRef = 6A97146C19DB824F00C9C36D /* ImageViewController.swift */; };
		6A97146F19DB824F00C9C36D /* ImageViewController.xib in Resources */ = {isa = PBXBuildFile; fileRef = 6A97146D19DB824F00C9C36D /* ImageViewController.xib */; };
		6A97147119DB82BD00C9C36D /* ZoomTransition.swift in Sources */ = {isa = PBXBuildFile; fileRef = 6A97147019DB82BD00C9C36D /* ZoomTransition.swift */; };
/* End PBXBuildFile section */

/* Begin PBXContainerItemProxy section */
		6A97145B19DB815A00C9C36D /* PBXContainerItemProxy */ = {
			isa = PBXContainerItemProxy;
			containerPortal = 6A97143D19DB815A00C9C36D /* Project object */;
			proxyType = 1;
			remoteGlobalIDString = 6A97144419DB815A00C9C36D;
			remoteInfo = Transitions;
		};
/* End PBXContainerItemProxy section */

/* Begin PBXFileReference section */
		6A802C2319E2406C000114EA /* monkey.jpg */ = {isa = PBXFileReference; lastKnownFileType = image.jpeg; path = monkey.jpg; sourceTree = "<group>"; };
		6A97144519DB815A00C9C36D /* Transitions.app */ = {isa = PBXFileReference; explicitFileType = wrapper.application; includeInIndex = 0; path = Transitions.app; sourceTree = BUILT_PRODUCTS_DIR; };
		6A97144919DB815A00C9C36D /* Info.plist */ = {isa = PBXFileReference; lastKnownFileType = text.plist.xml; path = Info.plist; sourceTree = "<group>"; };
		6A97144A19DB815A00C9C36D /* AppDelegate.swift */ = {isa = PBXFileReference; lastKnownFileType = sourcecode.swift; path = AppDelegate.swift; sourceTree = "<group>"; };
		6A97144C19DB815A00C9C36D /* ViewController.swift */ = {isa = PBXFileReference; lastKnownFileType = sourcecode.swift; path = ViewController.swift; sourceTree = "<group>"; };
		6A97144F19DB815A00C9C36D /* Base */ = {isa = PBXFileReference; lastKnownFileType = file.storyboard; name = Base; path = Base.lproj/Main.storyboard; sourceTree = "<group>"; };
		6A97145119DB815A00C9C36D /* Images.xcassets */ = {isa = PBXFileReference; lastKnownFileType = folder.assetcatalog; path = Images.xcassets; sourceTree = "<group>"; };
		6A97145419DB815A00C9C36D /* Base */ = {isa = PBXFileReference; lastKnownFileType = file.xib; name = Base; path = Base.lproj/LaunchScreen.xib; sourceTree = "<group>"; };
		6A97145A19DB815A00C9C36D /* TransitionsTests.xctest */ = {isa = PBXFileReference; explicitFileType = wrapper.cfbundle; includeInIndex = 0; path = TransitionsTests.xctest; sourceTree = BUILT_PRODUCTS_DIR; };
		6A97145F19DB815A00C9C36D /* Info.plist */ = {isa = PBXFileReference; lastKnownFileType = text.plist.xml; path = Info.plist; sourceTree = "<group>"; };
		6A97146019DB815A00C9C36D /* TransitionsTests.swift */ = {isa = PBXFileReference; lastKnownFileType = sourcecode.swift; path = TransitionsTests.swift; sourceTree = "<group>"; };
		6A97146C19DB824F00C9C36D /* ImageViewController.swift */ = {isa = PBXFileReference; fileEncoding = 4; lastKnownFileType = sourcecode.swift; path = ImageViewController.swift; sourceTree = "<group>"; };
		6A97146D19DB824F00C9C36D /* ImageViewController.xib */ = {isa = PBXFileReference; fileEncoding = 4; lastKnownFileType = file.xib; path = ImageViewController.xib; sourceTree = "<group>"; };
		6A97147019DB82BD00C9C36D /* ZoomTransition.swift */ = {isa = PBXFileReference; fileEncoding = 4; lastKnownFileType = sourcecode.swift; path = ZoomTransition.swift; sourceTree = "<group>"; };
/* End PBXFileReference section */

/* Begin PBXFrameworksBuildPhase section */
		6A97144219DB815A00C9C36D /* Frameworks */ = {
			isa = PBXFrameworksBuildPhase;
			buildActionMask = 2147483647;
			files = (
			);
			runOnlyForDeploymentPostprocessing = 0;
		};
		6A97145719DB815A00C9C36D /* Frameworks */ = {
			isa = PBXFrameworksBuildPhase;
			buildActionMask = 2147483647;
			files = (
			);
			runOnlyForDeploymentPostprocessing = 0;
		};
/* End PBXFrameworksBuildPhase section */

/* Begin PBXGroup section */
		6A97143C19DB815A00C9C36D = {
			isa = PBXGroup;
			children = (
				6A97144719DB815A00C9C36D /* Transitions */,
				6A97145D19DB815A00C9C36D /* TransitionsTests */,
				6A97144619DB815A00C9C36D /* Products */,
			);
			sourceTree = "<group>";
		};
		6A97144619DB815A00C9C36D /* Products */ = {
			isa = PBXGroup;
			children = (
				6A97144519DB815A00C9C36D /* Transitions.app */,
				6A97145A19DB815A00C9C36D /* TransitionsTests.xctest */,
			);
			name = Products;
			sourceTree = "<group>";
		};
		6A97144719DB815A00C9C36D /* Transitions */ = {
			isa = PBXGroup;
			children = (
				6A97144A19DB815A00C9C36D /* AppDelegate.swift */,
				6A97144C19DB815A00C9C36D /* ViewController.swift */,
				6A97144E19DB815A00C9C36D /* Main.storyboard */,
				6A97145119DB815A00C9C36D /* Images.xcassets */,
				6A97145319DB815A00C9C36D /* LaunchScreen.xib */,
				6A97146C19DB824F00C9C36D /* ImageViewController.swift */,
				6A97146D19DB824F00C9C36D /* ImageViewController.xib */,
				6A97147019DB82BD00C9C36D /* ZoomTransition.swift */,
				6A802C2319E2406C000114EA /* monkey.jpg */,
				6A97144819DB815A00C9C36D /* Supporting Files */,
			);
			path = Transitions;
			sourceTree = "<group>";
		};
		6A97144819DB815A00C9C36D /* Supporting Files */ = {
			isa = PBXGroup;
			children = (
				6A97144919DB815A00C9C36D /* Info.plist */,
			);
			name = "Supporting Files";
			sourceTree = "<group>";
		};
		6A97145D19DB815A00C9C36D /* TransitionsTests */ = {
			isa = PBXGroup;
			children = (
				6A97146019DB815A00C9C36D /* TransitionsTests.swift */,
				6A97145E19DB815A00C9C36D /* Supporting Files */,
			);
			path = TransitionsTests;
			sourceTree = "<group>";
		};
		6A97145E19DB815A00C9C36D /* Supporting Files */ = {
			isa = PBXGroup;
			children = (
				6A97145F19DB815A00C9C36D /* Info.plist */,
			);
			name = "Supporting Files";
			sourceTree = "<group>";
		};
/* End PBXGroup section */

/* Begin PBXNativeTarget section */
		6A97144419DB815A00C9C36D /* Transitions */ = {
			isa = PBXNativeTarget;
			buildConfigurationList = 6A97146419DB815A00C9C36D /* Build configuration list for PBXNativeTarget "Transitions" */;
			buildPhases = (
				6A97144119DB815A00C9C36D /* Sources */,
				6A97144219DB815A00C9C36D /* Frameworks */,
				6A97144319DB815A00C9C36D /* Resources */,
			);
			buildRules = (
			);
			dependencies = (
			);
			name = Transitions;
			productName = Transitions;
			productReference = 6A97144519DB815A00C9C36D /* Transitions.app */;
			productType = "com.apple.product-type.application";
		};
		6A97145919DB815A00C9C36D /* TransitionsTests */ = {
			isa = PBXNativeTarget;
			buildConfigurationList = 6A97146719DB815A00C9C36D /* Build configuration list for PBXNativeTarget "TransitionsTests" */;
			buildPhases = (
				6A97145619DB815A00C9C36D /* Sources */,
				6A97145719DB815A00C9C36D /* Frameworks */,
				6A97145819DB815A00C9C36D /* Resources */,
			);
			buildRules = (
			);
			dependencies = (
				6A97145C19DB815A00C9C36D /* PBXTargetDependency */,
			);
			name = TransitionsTests;
			productName = TransitionsTests;
			productReference = 6A97145A19DB815A00C9C36D /* TransitionsTests.xctest */;
			productType = "com.apple.product-type.bundle.unit-test";
		};
/* End PBXNativeTarget section */

/* Begin PBXProject section */
		6A97143D19DB815A00C9C36D /* Project object */ = {
			isa = PBXProject;
			attributes = {
				LastUpgradeCheck = 0600;
				ORGANIZATIONNAME = him;
				TargetAttributes = {
					6A97144419DB815A00C9C36D = {
						CreatedOnToolsVersion = 6.0.1;
					};
					6A97145919DB815A00C9C36D = {
						CreatedOnToolsVersion = 6.0.1;
						TestTargetID = 6A97144419DB815A00C9C36D;
					};
				};
			};
			buildConfigurationList = 6A97144019DB815A00C9C36D /* Build configuration list for PBXProject "Transitions" */;
			compatibilityVersion = "Xcode 3.2";
			developmentRegion = English;
			hasScannedForEncodings = 0;
			knownRegions = (
				en,
				Base,
			);
			mainGroup = 6A97143C19DB815A00C9C36D;
			productRefGroup = 6A97144619DB815A00C9C36D /* Products */;
			projectDirPath = "";
			projectRoot = "";
			targets = (
				6A97144419DB815A00C9C36D /* Transitions */,
				6A97145919DB815A00C9C36D /* TransitionsTests */,
			);
		};
/* End PBXProject section */

/* Begin PBXResourcesBuildPhase section */
		6A97144319DB815A00C9C36D /* Resources */ = {
			isa = PBXResourcesBuildPhase;
			buildActionMask = 2147483647;
			files = (
				6A97145019DB815A00C9C36D /* Main.storyboard in Resources */,
				6A97145519DB815A00C9C36D /* LaunchScreen.xib in Resources */,
				6A802C2419E2406C000114EA /* monkey.jpg in Resources */,
				6A97146F19DB824F00C9C36D /* ImageViewController.xib in Resources */,
				6A97145219DB815A00C9C36D /* Images.xcassets in Resources */,
			);
			runOnlyForDeploymentPostprocessing = 0;
		};
		6A97145819DB815A00C9C36D /* Resources */ = {
			isa = PBXResourcesBuildPhase;
			buildActionMask = 2147483647;
			files = (
			);
			runOnlyForDeploymentPostprocessing = 0;
		};
/* End PBXResourcesBuildPhase section */

/* Begin PBXSourcesBuildPhase section */
		6A97144119DB815A00C9C36D /* Sources */ = {
			isa = PBXSourcesBuildPhase;
			buildActionMask = 2147483647;
			files = (
				6A97144D19DB815A00C9C36D /* ViewController.swift in Sources */,
				6A97146E19DB824F00C9C36D /* ImageViewController.swift in Sources */,
				6A97147119DB82BD00C9C36D /* ZoomTransition.swift in Sources */,
				6A97144B19DB815A00C9C36D /* AppDelegate.swift in Sources */,
			);
			runOnlyForDeploymentPostprocessing = 0;
		};
		6A97145619DB815A00C9C36D /* Sources */ = {
			isa = PBXSourcesBuildPhase;
			buildActionMask = 2147483647;
			files = (
				6A97146119DB815A00C9C36D /* TransitionsTests.swift in Sources */,
			);
			runOnlyForDeploymentPostprocessing = 0;
		};
/* End PBXSourcesBuildPhase section */

/* Begin PBXTargetDependency section */
		6A97145C19DB815A00C9C36D /* PBXTargetDependency */ = {
			isa = PBXTargetDependency;
			target = 6A97144419DB815A00C9C36D /* Transitions */;
			targetProxy = 6A97145B19DB815A00C9C36D /* PBXContainerItemProxy */;
		};
/* End PBXTargetDependency section */

/* Begin PBXVariantGroup section */
		6A97144E19DB815A00C9C36D /* Main.storyboard */ = {
			isa = PBXVariantGroup;
			children = (
				6A97144F19DB815A00C9C36D /* Base */,
			);
			name = Main.storyboard;
			sourceTree = "<group>";
		};
		6A97145319DB815A00C9C36D /* LaunchScreen.xib */ = {
			isa = PBXVariantGroup;
			children = (
				6A97145419DB815A00C9C36D /* Base */,
			);
			name = LaunchScreen.xib;
			sourceTree = "<group>";
		};
/* End PBXVariantGroup section */

/* Begin XCBuildConfiguration section */
		6A97146219DB815A00C9C36D /* Debug */ = {
			isa = XCBuildConfiguration;
			buildSettings = {
				ALWAYS_SEARCH_USER_PATHS = NO;
				CLANG_CXX_LANGUAGE_STANDARD = "gnu++0x";
				CLANG_CXX_LIBRARY = "libc++";
				CLANG_ENABLE_MODULES = YES;
				CLANG_ENABLE_OBJC_ARC = YES;
				CLANG_WARN_BOOL_CONVERSION = YES;
				CLANG_WARN_CONSTANT_CONVERSION = YES;
				CLANG_WARN_DIRECT_OBJC_ISA_USAGE = YES_ERROR;
				CLANG_WARN_EMPTY_BODY = YES;
				CLANG_WARN_ENUM_CONVERSION = YES;
				CLANG_WARN_INT_CONVERSION = YES;
				CLANG_WARN_OBJC_ROOT_CLASS = YES_ERROR;
				CLANG_WARN_UNREACHABLE_CODE = YES;
				CLANG_WARN__DUPLICATE_METHOD_MATCH = YES;
				"CODE_SIGN_IDENTITY[sdk=iphoneos*]" = "iPhone Developer";
				COPY_PHASE_STRIP = NO;
				ENABLE_STRICT_OBJC_MSGSEND = YES;
				GCC_C_LANGUAGE_STANDARD = gnu99;
				GCC_DYNAMIC_NO_PIC = NO;
				GCC_OPTIMIZATION_LEVEL = 0;
				GCC_PREPROCESSOR_DEFINITIONS = (
					"DEBUG=1",
					"$(inherited)",
				);
				GCC_SYMBOLS_PRIVATE_EXTERN = NO;
				GCC_WARN_64_TO_32_BIT_CONVERSION = YES;
				GCC_WARN_ABOUT_RETURN_TYPE = YES_ERROR;
				GCC_WARN_UNDECLARED_SELECTOR = YES;
				GCC_WARN_UNINITIALIZED_AUTOS = YES_AGGRESSIVE;
				GCC_WARN_UNUSED_FUNCTION = YES;
				GCC_WARN_UNUSED_VARIABLE = YES;
				IPHONEOS_DEPLOYMENT_TARGET = 8.0;
				MTL_ENABLE_DEBUG_INFO = YES;
				ONLY_ACTIVE_ARCH = YES;
				SDKROOT = iphoneos;
				SWIFT_OPTIMIZATION_LEVEL = "-Onone";
			};
			name = Debug;
		};
		6A97146319DB815A00C9C36D /* Release */ = {
			isa = XCBuildConfiguration;
			buildSettings = {
				ALWAYS_SEARCH_USER_PATHS = NO;
				CLANG_CXX_LANGUAGE_STANDARD = "gnu++0x";
				CLANG_CXX_LIBRARY = "libc++";
				CLANG_ENABLE_MODULES = YES;
				CLANG_ENABLE_OBJC_ARC = YES;
				CLANG_WARN_BOOL_CONVERSION = YES;
				CLANG_WARN_CONSTANT_CONVERSION = YES;
				CLANG_WARN_DIRECT_OBJC_ISA_USAGE = YES_ERROR;
				CLANG_WARN_EMPTY_BODY = YES;
				CLANG_WARN_ENUM_CONVERSION = YES;
				CLANG_WARN_INT_CONVERSION = YES;
				CLANG_WARN_OBJC_ROOT_CLASS = YES_ERROR;
				CLANG_WARN_UNREACHABLE_CODE = YES;
				CLANG_WARN__DUPLICATE_METHOD_MATCH = YES;
				"CODE_SIGN_IDENTITY[sdk=iphoneos*]" = "iPhone Developer";
				COPY_PHASE_STRIP = YES;
				ENABLE_NS_ASSERTIONS = NO;
				ENABLE_STRICT_OBJC_MSGSEND = YES;
				GCC_C_LANGUAGE_STANDARD = gnu99;
				GCC_WARN_64_TO_32_BIT_CONVERSION = YES;
				GCC_WARN_ABOUT_RETURN_TYPE = YES_ERROR;
				GCC_WARN_UNDECLARED_SELECTOR = YES;
				GCC_WARN_UNINITIALIZED_AUTOS = YES_AGGRESSIVE;
				GCC_WARN_UNUSED_FUNCTION = YES;
				GCC_WARN_UNUSED_VARIABLE = YES;
				IPHONEOS_DEPLOYMENT_TARGET = 8.0;
				MTL_ENABLE_DEBUG_INFO = NO;
				SDKROOT = iphoneos;
				VALIDATE_PRODUCT = YES;
			};
			name = Release;
		};
		6A97146519DB815A00C9C36D /* Debug */ = {
			isa = XCBuildConfiguration;
			buildSettings = {
				ASSETCATALOG_COMPILER_APPICON_NAME = AppIcon;
				INFOPLIST_FILE = Transitions/Info.plist;
				IPHONEOS_DEPLOYMENT_TARGET = 7.1;
				LD_RUNPATH_SEARCH_PATHS = "$(inherited) @executable_path/Frameworks";
				PRODUCT_NAME = "$(TARGET_NAME)";
			};
			name = Debug;
		};
		6A97146619DB815A00C9C36D /* Release */ = {
			isa = XCBuildConfiguration;
			buildSettings = {
				ASSETCATALOG_COMPILER_APPICON_NAME = AppIcon;
				INFOPLIST_FILE = Transitions/Info.plist;
				IPHONEOS_DEPLOYMENT_TARGET = 7.1;
				LD_RUNPATH_SEARCH_PATHS = "$(inherited) @executable_path/Frameworks";
				PRODUCT_NAME = "$(TARGET_NAME)";
			};
			name = Release;
		};
		6A97146819DB815A00C9C36D /* Debug */ = {
			isa = XCBuildConfiguration;
			buildSettings = {
				BUNDLE_LOADER = "$(TEST_HOST)";
				FRAMEWORK_SEARCH_PATHS = (
					"$(SDKROOT)/Developer/Library/Frameworks",
					"$(inherited)",
				);
				GCC_PREPROCESSOR_DEFINITIONS = (
					"DEBUG=1",
					"$(inherited)",
				);
				INFOPLIST_FILE = TransitionsTests/Info.plist;
				LD_RUNPATH_SEARCH_PATHS = "$(inherited) @executable_path/Frameworks @loader_path/Frameworks";
				PRODUCT_NAME = "$(TARGET_NAME)";
				TEST_HOST = "$(BUILT_PRODUCTS_DIR)/Transitions.app/Transitions";
			};
			name = Debug;
		};
		6A97146919DB815A00C9C36D /* Release */ = {
			isa = XCBuildConfiguration;
			buildSettings = {
				BUNDLE_LOADER = "$(TEST_HOST)";
				FRAMEWORK_SEARCH_PATHS = (
					"$(SDKROOT)/Developer/Library/Frameworks",
					"$(inherited)",
				);
				INFOPLIST_FILE = TransitionsTests/Info.plist;
				LD_RUNPATH_SEARCH_PATHS = "$(inherited) @executable_path/Frameworks @loader_path/Frameworks";
				PRODUCT_NAME = "$(TARGET_NAME)";
				TEST_HOST = "$(BUILT_PRODUCTS_DIR)/Transitions.app/Transitions";
			};
			name = Release;
		};
/* End XCBuildConfiguration section */

/* Begin XCConfigurationList section */
		6A97144019DB815A00C9C36D /* Build configuration list for PBXProject "Transitions" */ = {
			isa = XCConfigurationList;
			buildConfigurations = (
				6A97146219DB815A00C9C36D /* Debug */,
				6A97146319DB815A00C9C36D /* Release */,
			);
			defaultConfigurationIsVisible = 0;
			defaultConfigurationName = Release;
		};
		6A97146419DB815A00C9C36D /* Build configuration list for PBXNativeTarget "Transitions" */ = {
			isa = XCConfigurationList;
			buildConfigurations = (
				6A97146519DB815A00C9C36D /* Debug */,
				6A97146619DB815A00C9C36D /* Release */,
			);
			defaultConfigurationIsVisible = 0;
			defaultConfigurationName = Release;
		};
		6A97146719DB815A00C9C36D /* Build configuration list for PBXNativeTarget "TransitionsTests" */ = {
			isa = XCConfigurationList;
			buildConfigurations = (
				6A97146819DB815A00C9C36D /* Debug */,
				6A97146919DB815A00C9C36D /* Release */,
			);
			defaultConfigurationIsVisible = 0;
			defaultConfigurationName = Release;
		};
/* End XCConfigurationList section */
	};
	rootObject = 6A97143D19DB815A00C9C36D /* Project object */;
}
