// !$*UTF8*$!
{
	archiveVersion = 1;
	classes = {
	};
	objectVersion = 46;
	objects = {

/* Begin PBXBuildFile section */
		6A97146119DB815A00C9C36D /* TransitionsTests.swift in Sources */ = {isa = PBXBuildFile; fileRef = 6A97146019DB815A00C9C36D /* TransitionsTests.swift */; };
		6AB2B0F619E2E98300EF0555 /* ZoomTransition.swift in Sources */ = {isa = PBXBuildFile; fileRef = 6AB2B0F519E2E98300EF0555 /* ZoomTransition.swift */; };
		6AB2B0F819E2EA0900EF0555 /* AppDelegate.swift in Sources */ = {isa = PBXBuildFile; fileRef = 6AB2B0F719E2EA0900EF0555 /* AppDelegate.swift */; };
		6AB2B0FE19E2EA1400EF0555 /* ImageViewController.swift in Sources */ = {isa = PBXBuildFile; fileRef = 6AB2B0F919E2EA1400EF0555 /* ImageViewController.swift */; };
		6AB2B0FF19E2EA1400EF0555 /* ImageViewController.xib in Resources */ = {isa = PBXBuildFile; fileRef = 6AB2B0FA19E2EA1400EF0555 /* ImageViewController.xib */; };
		6AB2B10019E2EA1400EF0555 /* Info.plist in Resources */ = {isa = PBXBuildFile; fileRef = 6AB2B0FB19E2EA1400EF0555 /* Info.plist */; };
		6AB2B10119E2EA1400EF0555 /* monkey.jpg in Resources */ = {isa = PBXBuildFile; fileRef = 6AB2B0FC19E2EA1400EF0555 /* monkey.jpg */; };
		6AB2B10219E2EA1400EF0555 /* ViewController.swift in Sources */ = {isa = PBXBuildFile; fileRef = 6AB2B0FD19E2EA1400EF0555 /* ViewController.swift */; };
		6AB2B10419E2EA2800EF0555 /* Images.xcassets in Resources */ = {isa = PBXBuildFile; fileRef = 6AB2B10319E2EA2800EF0555 /* Images.xcassets */; };
		6AB2B10A19E2EA5C00EF0555 /* LaunchScreen.xib in Resources */ = {isa = PBXBuildFile; fileRef = 6AB2B10619E2EA5C00EF0555 /* LaunchScreen.xib */; };
		6AB2B11119E2EA9400EF0555 /* Main.storyboard in Resources */ = {isa = PBXBuildFile; fileRef = 6AB2B10F19E2EA9400EF0555 /* Main.storyboard */; };
/* End PBXBuildFile section */

/* Begin PBXFileReference section */
		6A89D92619E2E7A5005FAD42 /* ZoomTransitionSample.app */ = {isa = PBXFileReference; explicitFileType = wrapper.application; includeInIndex = 0; path = ZoomTransitionSample.app; sourceTree = BUILT_PRODUCTS_DIR; };
		6A89D92719E2E7A5005FAD42 /* ZoomTransitionSample-Info.plist */ = {isa = PBXFileReference; lastKnownFileType = text.plist.xml; name = "ZoomTransitionSample-Info.plist"; path = "/Users/tristan/Documents/Development/GitHub/ZoomTransition/Transitions/ZoomTransitionSample-Info.plist"; sourceTree = "<absolute>"; };
		6A97145A19DB815A00C9C36D /* TransitionsTests.xctest */ = {isa = PBXFileReference; explicitFileType = wrapper.cfbundle; includeInIndex = 0; path = TransitionsTests.xctest; sourceTree = BUILT_PRODUCTS_DIR; };
		6A97145F19DB815A00C9C36D /* Info.plist */ = {isa = PBXFileReference; lastKnownFileType = text.plist.xml; path = Info.plist; sourceTree = "<group>"; };
		6A97146019DB815A00C9C36D /* TransitionsTests.swift */ = {isa = PBXFileReference; lastKnownFileType = sourcecode.swift; path = TransitionsTests.swift; sourceTree = "<group>"; };
		6AB2B0F519E2E98300EF0555 /* ZoomTransition.swift */ = {isa = PBXFileReference; fileEncoding = 4; lastKnownFileType = sourcecode.swift; path = ZoomTransition.swift; sourceTree = "<group>"; };
		6AB2B0F719E2EA0900EF0555 /* AppDelegate.swift */ = {isa = PBXFileReference; fileEncoding = 4; lastKnownFileType = sourcecode.swift; name = AppDelegate.swift; path = ZoomTransitionSample/AppDelegate.swift; sourceTree = SOURCE_ROOT; };
		6AB2B0F919E2EA1400EF0555 /* ImageViewController.swift */ = {isa = PBXFileReference; fileEncoding = 4; lastKnownFileType = sourcecode.swift; name = ImageViewController.swift; path = ZoomTransitionSample/ImageViewController.swift; sourceTree = SOURCE_ROOT; };
		6AB2B0FA19E2EA1400EF0555 /* ImageViewController.xib */ = {isa = PBXFileReference; fileEncoding = 4; lastKnownFileType = file.xib; name = ImageViewController.xib; path = ZoomTransitionSample/ImageViewController.xib; sourceTree = SOURCE_ROOT; };
		6AB2B0FB19E2EA1400EF0555 /* Info.plist */ = {isa = PBXFileReference; fileEncoding = 4; lastKnownFileType = text.plist.xml; name = Info.plist; path = ZoomTransitionSample/Info.plist; sourceTree = SOURCE_ROOT; };
		6AB2B0FC19E2EA1400EF0555 /* monkey.jpg */ = {isa = PBXFileReference; lastKnownFileType = image.jpeg; name = monkey.jpg; path = ZoomTransitionSample/monkey.jpg; sourceTree = SOURCE_ROOT; };
		6AB2B0FD19E2EA1400EF0555 /* ViewController.swift */ = {isa = PBXFileReference; fileEncoding = 4; lastKnownFileType = sourcecode.swift; name = ViewController.swift; path = ZoomTransitionSample/ViewController.swift; sourceTree = SOURCE_ROOT; };
		6AB2B10319E2EA2800EF0555 /* Images.xcassets */ = {isa = PBXFileReference; lastKnownFileType = folder.assetcatalog; name = Images.xcassets; path = ZoomTransitionSample/Images.xcassets; sourceTree = SOURCE_ROOT; };
		6AB2B10719E2EA5C00EF0555 /* Base */ = {isa = PBXFileReference; lastKnownFileType = file.xib; name = Base; path = LaunchScreen.xib; sourceTree = "<group>"; };
		6AB2B11019E2EA9400EF0555 /* Base */ = {isa = PBXFileReference; lastKnownFileType = file.storyboard; name = Base; path = ZoomTransitionSample/Base.lproj/Main.storyboard; sourceTree = SOURCE_ROOT; };
/* End PBXFileReference section */

/* Begin PBXFrameworksBuildPhase section */
		6A89D91C19E2E7A5005FAD42 /* Frameworks */ = {
			isa = PBXFrameworksBuildPhase;
			buildActionMask = 2147483647;
			files = (
			);
			runOnlyForDeploymentPostprocessing = 0;
		};
		6A97145719DB815A00C9C36D /* Frameworks */ = {
			isa = PBXFrameworksBuildPhase;
			buildActionMask = 2147483647;
			files = (
			);
			runOnlyForDeploymentPostprocessing = 0;
		};
/* End PBXFrameworksBuildPhase section */

/* Begin PBXGroup section */
		6A97143C19DB815A00C9C36D = {
			isa = PBXGroup;
			children = (
				6AB2B0F419E2E98300EF0555 /* ZoomTransition */,
				6A97144719DB815A00C9C36D /* ZoomTransitionSample */,
				6A97145D19DB815A00C9C36D /* TransitionsTests */,
				6A97144619DB815A00C9C36D /* Products */,
				6A89D92719E2E7A5005FAD42 /* ZoomTransitionSample-Info.plist */,
			);
			sourceTree = "<group>";
		};
		6A97144619DB815A00C9C36D /* Products */ = {
			isa = PBXGroup;
			children = (
				6A97145A19DB815A00C9C36D /* TransitionsTests.xctest */,
				6A89D92619E2E7A5005FAD42 /* ZoomTransitionSample.app */,
			);
			name = Products;
			sourceTree = "<group>";
		};
		6A97144719DB815A00C9C36D /* ZoomTransitionSample */ = {
			isa = PBXGroup;
			children = (
				6AB2B0F719E2EA0900EF0555 /* AppDelegate.swift */,
				6AB2B10F19E2EA9400EF0555 /* Main.storyboard */,
				6AB2B0FD19E2EA1400EF0555 /* ViewController.swift */,
				6AB2B0F919E2EA1400EF0555 /* ImageViewController.swift */,
				6AB2B0FA19E2EA1400EF0555 /* ImageViewController.xib */,
				6AB2B0FC19E2EA1400EF0555 /* monkey.jpg */,
				6AB2B10519E2EA5C00EF0555 /* Base.lproj */,
				6AB2B10319E2EA2800EF0555 /* Images.xcassets */,
				6A97144819DB815A00C9C36D /* Supporting Files */,
			);
			name = ZoomTransitionSample;
			path = Transitions;
			sourceTree = "<group>";
		};
		6A97144819DB815A00C9C36D /* Supporting Files */ = {
			isa = PBXGroup;
			children = (
				6AB2B0FB19E2EA1400EF0555 /* Info.plist */,
			);
			name = "Supporting Files";
			sourceTree = "<group>";
		};
		6A97145D19DB815A00C9C36D /* TransitionsTests */ = {
			isa = PBXGroup;
			children = (
				6A97146019DB815A00C9C36D /* TransitionsTests.swift */,
				6A97145E19DB815A00C9C36D /* Supporting Files */,
			);
			path = TransitionsTests;
			sourceTree = "<group>";
		};
		6A97145E19DB815A00C9C36D /* Supporting Files */ = {
			isa = PBXGroup;
			children = (
				6A97145F19DB815A00C9C36D /* Info.plist */,
			);
			name = "Supporting Files";
			sourceTree = "<group>";
		};
		6AB2B0F419E2E98300EF0555 /* ZoomTransition */ = {
			isa = PBXGroup;
			children = (
				6AB2B0F519E2E98300EF0555 /* ZoomTransition.swift */,
			);
			name = ZoomTransition;
			path = ../ZoomTransition;
			sourceTree = "<group>";
		};
		6AB2B10519E2EA5C00EF0555 /* Base.lproj */ = {
			isa = PBXGroup;
			children = (
				6AB2B10619E2EA5C00EF0555 /* LaunchScreen.xib */,
			);
			name = Base.lproj;
			path = ZoomTransitionSample/Base.lproj;
			sourceTree = SOURCE_ROOT;
		};
/* End PBXGroup section */

/* Begin PBXNativeTarget section */
		6A89D91619E2E7A5005FAD42 /* ZoomTransitionSample */ = {
			isa = PBXNativeTarget;
			buildConfigurationList = 6A89D92319E2E7A5005FAD42 /* Build configuration list for PBXNativeTarget "ZoomTransitionSample" */;
			buildPhases = (
				6A89D91719E2E7A5005FAD42 /* Sources */,
				6A89D91C19E2E7A5005FAD42 /* Frameworks */,
				6A89D91D19E2E7A5005FAD42 /* Resources */,
			);
			buildRules = (
			);
			dependencies = (
			);
			name = ZoomTransitionSample;
			productName = Transitions;
			productReference = 6A89D92619E2E7A5005FAD42 /* ZoomTransitionSample.app */;
			productType = "com.apple.product-type.application";
		};
		6A97145919DB815A00C9C36D /* TransitionsTests */ = {
			isa = PBXNativeTarget;
			buildConfigurationList = 6A97146719DB815A00C9C36D /* Build configuration list for PBXNativeTarget "TransitionsTests" */;
			buildPhases = (
				6A97145619DB815A00C9C36D /* Sources */,
				6A97145719DB815A00C9C36D /* Frameworks */,
				6A97145819DB815A00C9C36D /* Resources */,
			);
			buildRules = (
			);
			dependencies = (
			);
			name = TransitionsTests;
			productName = TransitionsTests;
			productReference = 6A97145A19DB815A00C9C36D /* TransitionsTests.xctest */;
			productType = "com.apple.product-type.bundle.unit-test";
		};
/* End PBXNativeTarget section */

/* Begin PBXProject section */
		6A97143D19DB815A00C9C36D /* Project object */ = {
			isa = PBXProject;
			attributes = {
				LastUpgradeCheck = 0600;
				ORGANIZATIONNAME = him;
				TargetAttributes = {
					6A97145919DB815A00C9C36D = {
						CreatedOnToolsVersion = 6.0.1;
						TestTargetID = 6A97144419DB815A00C9C36D;
					};
				};
			};
			buildConfigurationList = 6A97144019DB815A00C9C36D /* Build configuration list for PBXProject "ZoomTransitionSample" */;
			compatibilityVersion = "Xcode 3.2";
			developmentRegion = English;
			hasScannedForEncodings = 0;
			knownRegions = (
				en,
				Base,
			);
			mainGroup = 6A97143C19DB815A00C9C36D;
			productRefGroup = 6A97144619DB815A00C9C36D /* Products */;
			projectDirPath = "";
			projectRoot = "";
			targets = (
				6A89D91619E2E7A5005FAD42 /* ZoomTransitionSample */,
				6A97145919DB815A00C9C36D /* TransitionsTests */,
			);
		};
/* End PBXProject section */

/* Begin PBXResourcesBuildPhase section */
		6A89D91D19E2E7A5005FAD42 /* Resources */ = {
			isa = PBXResourcesBuildPhase;
			buildActionMask = 2147483647;
			files = (
				6AB2B10A19E2EA5C00EF0555 /* LaunchScreen.xib in Resources */,
				6AB2B10119E2EA1400EF0555 /* monkey.jpg in Resources */,
				6AB2B10419E2EA2800EF0555 /* Images.xcassets in Resources */,
				6AB2B11119E2EA9400EF0555 /* Main.storyboard in Resources */,
				6AB2B0FF19E2EA1400EF0555 /* ImageViewController.xib in Resources */,
				6AB2B10019E2EA1400EF0555 /* Info.plist in Resources */,
			);
			runOnlyForDeploymentPostprocessing = 0;
		};
		6A97145819DB815A00C9C36D /* Resources */ = {
			isa = PBXResourcesBuildPhase;
			buildActionMask = 2147483647;
			files = (
			);
			runOnlyForDeploymentPostprocessing = 0;
		};
/* End PBXResourcesBuildPhase section */

/* Begin PBXSourcesBuildPhase section */
		6A89D91719E2E7A5005FAD42 /* Sources */ = {
			isa = PBXSourcesBuildPhase;
			buildActionMask = 2147483647;
			files = (
				6AB2B10219E2EA1400EF0555 /* ViewController.swift in Sources */,
				6AB2B0F819E2EA0900EF0555 /* AppDelegate.swift in Sources */,
				6AB2B0FE19E2EA1400EF0555 /* ImageViewController.swift in Sources */,
				6AB2B0F619E2E98300EF0555 /* ZoomTransition.swift in Sources */,
			);
			runOnlyForDeploymentPostprocessing = 0;
		};
		6A97145619DB815A00C9C36D /* Sources */ = {
			isa = PBXSourcesBuildPhase;
			buildActionMask = 2147483647;
			files = (
				6A97146119DB815A00C9C36D /* TransitionsTests.swift in Sources */,
			);
			runOnlyForDeploymentPostprocessing = 0;
		};
/* End PBXSourcesBuildPhase section */

/* Begin PBXVariantGroup section */
		6AB2B10619E2EA5C00EF0555 /* LaunchScreen.xib */ = {
			isa = PBXVariantGroup;
			children = (
				6AB2B10719E2EA5C00EF0555 /* Base */,
			);
			name = LaunchScreen.xib;
			sourceTree = "<group>";
		};
		6AB2B10F19E2EA9400EF0555 /* Main.storyboard */ = {
			isa = PBXVariantGroup;
			children = (
				6AB2B11019E2EA9400EF0555 /* Base */,
			);
			name = Main.storyboard;
			sourceTree = "<group>";
		};
/* End PBXVariantGroup section */

/* Begin XCBuildConfiguration section */
		6A89D92419E2E7A5005FAD42 /* Debug */ = {
			isa = XCBuildConfiguration;
			buildSettings = {
				ASSETCATALOG_COMPILER_APPICON_NAME = AppIcon;
				INFOPLIST_FILE = "ZoomTransitionSample-Info.plist";
				IPHONEOS_DEPLOYMENT_TARGET = 7.1;
				LD_RUNPATH_SEARCH_PATHS = "$(inherited) @executable_path/Frameworks";
				PRODUCT_NAME = ZoomTransitionSample;
			};
			name = Debug;
		};
		6A89D92519E2E7A5005FAD42 /* Release */ = {
			isa = XCBuildConfiguration;
			buildSettings = {
				ASSETCATALOG_COMPILER_APPICON_NAME = AppIcon;
				INFOPLIST_FILE = "ZoomTransitionSample-Info.plist";
				IPHONEOS_DEPLOYMENT_TARGET = 7.1;
				LD_RUNPATH_SEARCH_PATHS = "$(inherited) @executable_path/Frameworks";
				PRODUCT_NAME = ZoomTransitionSample;
			};
			name = Release;
		};
		6A97146219DB815A00C9C36D /* Debug */ = {
			isa = XCBuildConfiguration;
			buildSettings = {
				ALWAYS_SEARCH_USER_PATHS = NO;
				CLANG_CXX_LANGUAGE_STANDARD = "gnu++0x";
				CLANG_CXX_LIBRARY = "libc++";
				CLANG_ENABLE_MODULES = YES;
				CLANG_ENABLE_OBJC_ARC = YES;
				CLANG_WARN_BOOL_CONVERSION = YES;
				CLANG_WARN_CONSTANT_CONVERSION = YES;
				CLANG_WARN_DIRECT_OBJC_ISA_USAGE = YES_ERROR;
				CLANG_WARN_EMPTY_BODY = YES;
				CLANG_WARN_ENUM_CONVERSION = YES;
				CLANG_WARN_INT_CONVERSION = YES;
				CLANG_WARN_OBJC_ROOT_CLASS = YES_ERROR;
				CLANG_WARN_UNREACHABLE_CODE = YES;
				CLANG_WARN__DUPLICATE_METHOD_MATCH = YES;
				"CODE_SIGN_IDENTITY[sdk=iphoneos*]" = "iPhone Developer";
				COPY_PHASE_STRIP = NO;
				ENABLE_STRICT_OBJC_MSGSEND = YES;
				GCC_C_LANGUAGE_STANDARD = gnu99;
				GCC_DYNAMIC_NO_PIC = NO;
				GCC_OPTIMIZATION_LEVEL = 0;
				GCC_PREPROCESSOR_DEFINITIONS = (
					"DEBUG=1",
					"$(inherited)",
				);
				GCC_SYMBOLS_PRIVATE_EXTERN = NO;
				GCC_WARN_64_TO_32_BIT_CONVERSION = YES;
				GCC_WARN_ABOUT_RETURN_TYPE = YES_ERROR;
				GCC_WARN_UNDECLARED_SELECTOR = YES;
				GCC_WARN_UNINITIALIZED_AUTOS = YES_AGGRESSIVE;
				GCC_WARN_UNUSED_FUNCTION = YES;
				GCC_WARN_UNUSED_VARIABLE = YES;
				IPHONEOS_DEPLOYMENT_TARGET = 8.0;
				MTL_ENABLE_DEBUG_INFO = YES;
				ONLY_ACTIVE_ARCH = YES;
				SDKROOT = iphoneos;
				SWIFT_OPTIMIZATION_LEVEL = "-Onone";
			};
			name = Debug;
		};
		6A97146319DB815A00C9C36D /* Release */ = {
			isa = XCBuildConfiguration;
			buildSettings = {
				ALWAYS_SEARCH_USER_PATHS = NO;
				CLANG_CXX_LANGUAGE_STANDARD = "gnu++0x";
				CLANG_CXX_LIBRARY = "libc++";
				CLANG_ENABLE_MODULES = YES;
				CLANG_ENABLE_OBJC_ARC = YES;
				CLANG_WARN_BOOL_CONVERSION = YES;
				CLANG_WARN_CONSTANT_CONVERSION = YES;
				CLANG_WARN_DIRECT_OBJC_ISA_USAGE = YES_ERROR;
				CLANG_WARN_EMPTY_BODY = YES;
				CLANG_WARN_ENUM_CONVERSION = YES;
				CLANG_WARN_INT_CONVERSION = YES;
				CLANG_WARN_OBJC_ROOT_CLASS = YES_ERROR;
				CLANG_WARN_UNREACHABLE_CODE = YES;
				CLANG_WARN__DUPLICATE_METHOD_MATCH = YES;
				"CODE_SIGN_IDENTITY[sdk=iphoneos*]" = "iPhone Developer";
				COPY_PHASE_STRIP = YES;
				ENABLE_NS_ASSERTIONS = NO;
				ENABLE_STRICT_OBJC_MSGSEND = YES;
				GCC_C_LANGUAGE_STANDARD = gnu99;
				GCC_WARN_64_TO_32_BIT_CONVERSION = YES;
				GCC_WARN_ABOUT_RETURN_TYPE = YES_ERROR;
				GCC_WARN_UNDECLARED_SELECTOR = YES;
				GCC_WARN_UNINITIALIZED_AUTOS = YES_AGGRESSIVE;
				GCC_WARN_UNUSED_FUNCTION = YES;
				GCC_WARN_UNUSED_VARIABLE = YES;
				IPHONEOS_DEPLOYMENT_TARGET = 8.0;
				MTL_ENABLE_DEBUG_INFO = NO;
				SDKROOT = iphoneos;
				VALIDATE_PRODUCT = YES;
			};
			name = Release;
		};
		6A97146819DB815A00C9C36D /* Debug */ = {
			isa = XCBuildConfiguration;
			buildSettings = {
				BUNDLE_LOADER = "$(TEST_HOST)";
				FRAMEWORK_SEARCH_PATHS = (
					"$(SDKROOT)/Developer/Library/Frameworks",
					"$(inherited)",
				);
				GCC_PREPROCESSOR_DEFINITIONS = (
					"DEBUG=1",
					"$(inherited)",
				);
				INFOPLIST_FILE = TransitionsTests/Info.plist;
				LD_RUNPATH_SEARCH_PATHS = "$(inherited) @executable_path/Frameworks @loader_path/Frameworks";
				PRODUCT_NAME = "$(TARGET_NAME)";
				TEST_HOST = "$(BUILT_PRODUCTS_DIR)/Transitions.app/Transitions";
			};
			name = Debug;
		};
		6A97146919DB815A00C9C36D /* Release */ = {
			isa = XCBuildConfiguration;
			buildSettings = {
				BUNDLE_LOADER = "$(TEST_HOST)";
				FRAMEWORK_SEARCH_PATHS = (
					"$(SDKROOT)/Developer/Library/Frameworks",
					"$(inherited)",
				);
				INFOPLIST_FILE = TransitionsTests/Info.plist;
				LD_RUNPATH_SEARCH_PATHS = "$(inherited) @executable_path/Frameworks @loader_path/Frameworks";
				PRODUCT_NAME = "$(TARGET_NAME)";
				TEST_HOST = "$(BUILT_PRODUCTS_DIR)/Transitions.app/Transitions";
			};
			name = Release;
		};
/* End XCBuildConfiguration section */

/* Begin XCConfigurationList section */
		6A89D92319E2E7A5005FAD42 /* Build configuration list for PBXNativeTarget "ZoomTransitionSample" */ = {
			isa = XCConfigurationList;
			buildConfigurations = (
				6A89D92419E2E7A5005FAD42 /* Debug */,
				6A89D92519E2E7A5005FAD42 /* Release */,
			);
			defaultConfigurationIsVisible = 0;
			defaultConfigurationName = Release;
		};
		6A97144019DB815A00C9C36D /* Build configuration list for PBXProject "ZoomTransitionSample" */ = {
			isa = XCConfigurationList;
			buildConfigurations = (
				6A97146219DB815A00C9C36D /* Debug */,
				6A97146319DB815A00C9C36D /* Release */,
			);
			defaultConfigurationIsVisible = 0;
			defaultConfigurationName = Release;
		};
		6A97146719DB815A00C9C36D /* Build configuration list for PBXNativeTarget "TransitionsTests" */ = {
			isa = XCConfigurationList;
			buildConfigurations = (
				6A97146819DB815A00C9C36D /* Debug */,
				6A97146919DB815A00C9C36D /* Release */,
			);
			defaultConfigurationIsVisible = 0;
			defaultConfigurationName = Release;
		};
/* End XCConfigurationList section */
	};
	rootObject = 6A97143D19DB815A00C9C36D /* Project object */;
}
